
Microsoft Visual Studio Solution File, Format Version 12.00
# Visual Studio Version 17
VisualStudioVersion = 17.3.32819.101
MinimumVisualStudioVersion = 10.0.40219.1
Project("{FAE04EC0-301F-11D3-BF4B-00C04F79EFBC}") = "WeatherForecast", "WeatherForecast\WeatherForecast.csproj", "{7C3A8A1B-4843-4ED8-89DC-56B6462FFCB3}"
EndProject
Global
	GlobalSection(SolutionConfigurationPlatforms) = preSolution
		Debug|Any CPU = Debug|Any CPU
		Release|Any CPU = Release|Any CPU
	EndGlobalSection
	GlobalSection(ProjectConfigurationPlatforms) = postSolution
		{7C3A8A1B-4843-4ED8-89DC-56B6462FFCB3}.Debug|Any CPU.ActiveCfg = Debug|Any CPU
		{7C3A8A1B-4843-4ED8-89DC-56B6462FFCB3}.Debug|Any CPU.Build.0 = Debug|Any CPU
		{7C3A8A1B-4843-4ED8-89DC-56B6462FFCB3}.Release|Any CPU.ActiveCfg = Release|Any CPU
		{7C3A8A1B-4843-4ED8-89DC-56B6462FFCB3}.Release|Any CPU.Build.0 = Release|Any CPU
	EndGlobalSection
	GlobalSection(SolutionProperties) = preSolution
		HideSolutionNode = FALSE
	EndGlobalSection
	GlobalSection(ExtensibilityGlobals) = postSolution
		SolutionGuid = {33B43FE9-0236-43CF-AFBE-F2430C063AF4}
	EndGlobalSection
EndGlobal
